
Microsoft Visual Studio Solution File, Format Version 12.00
# Visual Studio Version 17
VisualStudioVersion = 17.3.32929.385
MinimumVisualStudioVersion = 10.0.40219.1
Project("{9A19103F-16F7-4668-BE54-9A1E7A4F7556}") = "BuildApi", "BuildApi.csproj", "{1FF0C7EA-3362-4A9B-9B39-DB29D4D29801}"
EndProject
Global
	GlobalSection(SolutionConfigurationPlatforms) = preSolution
		Debug|Any CPU = Debug|Any CPU
		Release|Any CPU = Release|Any CPU
	EndGlobalSection
	GlobalSection(ProjectConfigurationPlatforms) = postSolution
		{1FF0C7EA-3362-4A9B-9B39-DB29D4D29801}.Debug|Any CPU.ActiveCfg = Debug|Any CPU
		{1FF0C7EA-3362-4A9B-9B39-DB29D4D29801}.Debug|Any CPU.Build.0 = Debug|Any CPU
		{1FF0C7EA-3362-4A9B-9B39-DB29D4D29801}.Release|Any CPU.ActiveCfg = Release|Any CPU
		{1FF0C7EA-3362-4A9B-9B39-DB29D4D29801}.Release|Any CPU.Build.0 = Release|Any CPU
	EndGlobalSection
	GlobalSection(SolutionProperties) = preSolution
		HideSolutionNode = FALSE
	EndGlobalSection
	GlobalSection(ExtensibilityGlobals) = postSolution
		SolutionGuid = {6EDC6570-E614-44F2-964F-2CC4C67D3E0C}
	EndGlobalSection
EndGlobal
